// !$*UTF8*$!
{
	archiveVersion = 1;
	classes = {
	};
	objectVersion = 46;
	objects = {

/* Begin PBXBuildFile section */
		289DE4271F56337800778954 /* main.m in Sources */ = {isa = PBXBuildFile; fileRef = 289DE4261F56337800778954 /* main.m */; };
		289DE42A1F56337800778954 /* AppDelegate.m in Sources */ = {isa = PBXBuildFile; fileRef = 289DE4291F56337800778954 /* AppDelegate.m */; };
		289DE42D1F56337800778954 /* ViewController.m in Sources */ = {isa = PBXBuildFile; fileRef = 289DE42C1F56337800778954 /* ViewController.m */; };
		289DE4301F56337800778954 /* Main.storyboard in Resources */ = {isa = PBXBuildFile; fileRef = 289DE42E1F56337800778954 /* Main.storyboard */; };
		289DE4321F56337800778954 /* Assets.xcassets in Resources */ = {isa = PBXBuildFile; fileRef = 289DE4311F56337800778954 /* Assets.xcassets */; };
		289DE4351F56337800778954 /* LaunchScreen.storyboard in Resources */ = {isa = PBXBuildFile; fileRef = 289DE4331F56337800778954 /* LaunchScreen.storyboard */; };
		28B291C71F5F572900BC06D6 /* ValidateTextFieldDelegate.m in Sources */ = {isa = PBXBuildFile; fileRef = 28B291C61F5F572900BC06D6 /* ValidateTextFieldDelegate.m */; };
/* End PBXBuildFile section */

/* Begin PBXFileReference section */
		289DE4221F56337800778954 /* blecontrol.app */ = {isa = PBXFileReference; explicitFileType = wrapper.application; includeInIndex = 0; path = blecontrol.app; sourceTree = BUILT_PRODUCTS_DIR; };
		289DE4261F56337800778954 /* main.m */ = {isa = PBXFileReference; lastKnownFileType = sourcecode.c.objc; path = main.m; sourceTree = "<group>"; };
		289DE4281F56337800778954 /* AppDelegate.h */ = {isa = PBXFileReference; lastKnownFileType = sourcecode.c.h; path = AppDelegate.h; sourceTree = "<group>"; };
		289DE4291F56337800778954 /* AppDelegate.m */ = {isa = PBXFileReference; lastKnownFileType = sourcecode.c.objc; path = AppDelegate.m; sourceTree = "<group>"; };
		289DE42B1F56337800778954 /* ViewController.h */ = {isa = PBXFileReference; lastKnownFileType = sourcecode.c.h; path = ViewController.h; sourceTree = "<group>"; };
		289DE42C1F56337800778954 /* ViewController.m */ = {isa = PBXFileReference; lastKnownFileType = sourcecode.c.objc; path = ViewController.m; sourceTree = "<group>"; };
		289DE42F1F56337800778954 /* Base */ = {isa = PBXFileReference; lastKnownFileType = file.storyboard; name = Base; path = Base.lproj/Main.storyboard; sourceTree = "<group>"; };
		289DE4311F56337800778954 /* Assets.xcassets */ = {isa = PBXFileReference; lastKnownFileType = folder.assetcatalog; path = Assets.xcassets; sourceTree = "<group>"; };
		289DE4341F56337800778954 /* Base */ = {isa = PBXFileReference; lastKnownFileType = file.storyboard; name = Base; path = Base.lproj/LaunchScreen.storyboard; sourceTree = "<group>"; };
		289DE4361F56337800778954 /* Info.plist */ = {isa = PBXFileReference; lastKnownFileType = text.plist.xml; path = Info.plist; sourceTree = "<group>"; };
		28B291C51F5F572900BC06D6 /* ValidateTextFieldDelegate.h */ = {isa = PBXFileReference; fileEncoding = 4; lastKnownFileType = sourcecode.c.h; path = ValidateTextFieldDelegate.h; sourceTree = "<group>"; };
		28B291C61F5F572900BC06D6 /* ValidateTextFieldDelegate.m */ = {isa = PBXFileReference; fileEncoding = 4; lastKnownFileType = sourcecode.c.objc; path = ValidateTextFieldDelegate.m; sourceTree = "<group>"; };
		28E68D7E1F5F5FDB003A65FD /* BLEArrayConstants.h */ = {isa = PBXFileReference; lastKnownFileType = sourcecode.c.h; path = BLEArrayConstants.h; sourceTree = "<group>"; };
		28E68D7F1F5F609D003A65FD /* Constants.h */ = {isa = PBXFileReference; lastKnownFileType = sourcecode.c.h; path = Constants.h; sourceTree = "<group>"; };
/* End PBXFileReference section */

/* Begin PBXFrameworksBuildPhase section */
		289DE41F1F56337800778954 /* Frameworks */ = {
			isa = PBXFrameworksBuildPhase;
			buildActionMask = 2147483647;
			files = (
			);
			runOnlyForDeploymentPostprocessing = 0;
		};
/* End PBXFrameworksBuildPhase section */

/* Begin PBXGroup section */
		289DE4191F56337800778954 = {
			isa = PBXGroup;
			children = (
				289DE4241F56337800778954 /* blecontrol */,
				289DE4231F56337800778954 /* Products */,
			);
			sourceTree = "<group>";
		};
		289DE4231F56337800778954 /* Products */ = {
			isa = PBXGroup;
			children = (
				289DE4221F56337800778954 /* blecontrol.app */,
			);
			name = Products;
			sourceTree = "<group>";
		};
		289DE4241F56337800778954 /* blecontrol */ = {
			isa = PBXGroup;
			children = (
				28E68D7F1F5F609D003A65FD /* Constants.h */,
				28E68D7E1F5F5FDB003A65FD /* BLEArrayConstants.h */,
				289DE4281F56337800778954 /* AppDelegate.h */,
				289DE4291F56337800778954 /* AppDelegate.m */,
				289DE42B1F56337800778954 /* ViewController.h */,
				289DE42C1F56337800778954 /* ViewController.m */,
				28B291C51F5F572900BC06D6 /* ValidateTextFieldDelegate.h */,
				28B291C61F5F572900BC06D6 /* ValidateTextFieldDelegate.m */,
				289DE42E1F56337800778954 /* Main.storyboard */,
				289DE4311F56337800778954 /* Assets.xcassets */,
				289DE4331F56337800778954 /* LaunchScreen.storyboard */,
				289DE4361F56337800778954 /* Info.plist */,
				289DE4251F56337800778954 /* Supporting Files */,
			);
			path = blecontrol;
			sourceTree = "<group>";
		};
		289DE4251F56337800778954 /* Supporting Files */ = {
			isa = PBXGroup;
			children = (
				289DE4261F56337800778954 /* main.m */,
			);
			name = "Supporting Files";
			sourceTree = "<group>";
		};
/* End PBXGroup section */

/* Begin PBXNativeTarget section */
		289DE4211F56337800778954 /* blecontrol */ = {
			isa = PBXNativeTarget;
			buildConfigurationList = 289DE4391F56337800778954 /* Build configuration list for PBXNativeTarget "blecontrol" */;
			buildPhases = (
				289DE41E1F56337800778954 /* Sources */,
				289DE41F1F56337800778954 /* Frameworks */,
				289DE4201F56337800778954 /* Resources */,
			);
			buildRules = (
			);
			dependencies = (
			);
			name = blecontrol;
			productName = blecontrol;
			productReference = 289DE4221F56337800778954 /* blecontrol.app */;
			productType = "com.apple.product-type.application";
		};
/* End PBXNativeTarget section */

/* Begin PBXProject section */
		289DE41A1F56337800778954 /* Project object */ = {
			isa = PBXProject;
			attributes = {
				LastUpgradeCheck = 0830;
				ORGANIZATIONNAME = "Anson Liu";
				TargetAttributes = {
					289DE4211F56337800778954 = {
						CreatedOnToolsVersion = 8.3.2;
						DevelopmentTeam = 3E2UWZ76C2;
						ProvisioningStyle = Automatic;
					};
				};
			};
			buildConfigurationList = 289DE41D1F56337800778954 /* Build configuration list for PBXProject "blecontrol" */;
			compatibilityVersion = "Xcode 3.2";
			developmentRegion = English;
			hasScannedForEncodings = 0;
			knownRegions = (
				en,
				Base,
			);
			mainGroup = 289DE4191F56337800778954;
			productRefGroup = 289DE4231F56337800778954 /* Products */;
			projectDirPath = "";
			projectRoot = "";
			targets = (
				289DE4211F56337800778954 /* blecontrol */,
			);
		};
/* End PBXProject section */

/* Begin PBXResourcesBuildPhase section */
		289DE4201F56337800778954 /* Resources */ = {
			isa = PBXResourcesBuildPhase;
			buildActionMask = 2147483647;
			files = (
				289DE4351F56337800778954 /* LaunchScreen.storyboard in Resources */,
				289DE4321F56337800778954 /* Assets.xcassets in Resources */,
				289DE4301F56337800778954 /* Main.storyboard in Resources */,
			);
			runOnlyForDeploymentPostprocessing = 0;
		};
/* End PBXResourcesBuildPhase section */

/* Begin PBXSourcesBuildPhase section */
		289DE41E1F56337800778954 /* Sources */ = {
			isa = PBXSourcesBuildPhase;
			buildActionMask = 2147483647;
			files = (
				289DE42D1F56337800778954 /* ViewController.m in Sources */,
				289DE42A1F56337800778954 /* AppDelegate.m in Sources */,
				289DE4271F56337800778954 /* main.m in Sources */,
				28B291C71F5F572900BC06D6 /* ValidateTextFieldDelegate.m in Sources */,
			);
			runOnlyForDeploymentPostprocessing = 0;
		};
/* End PBXSourcesBuildPhase section */

/* Begin PBXVariantGroup section */
		289DE42E1F56337800778954 /* Main.storyboard */ = {
			isa = PBXVariantGroup;
			children = (
				289DE42F1F56337800778954 /* Base */,
			);
			name = Main.storyboard;
			sourceTree = "<group>";
		};
		289DE4331F56337800778954 /* LaunchScreen.storyboard */ = {
			isa = PBXVariantGroup;
			children = (
				289DE4341F56337800778954 /* Base */,
			);
			name = LaunchScreen.storyboard;
			sourceTree = "<group>";
		};
/* End PBXVariantGroup section */

/* Begin XCBuildConfiguration section */
		289DE4371F56337800778954 /* Debug */ = {
			isa = XCBuildConfiguration;
			buildSettings = {
				ALWAYS_SEARCH_USER_PATHS = NO;
				CLANG_ANALYZER_NONNULL = YES;
				CLANG_ANALYZER_NUMBER_OBJECT_CONVERSION = YES_AGGRESSIVE;
				CLANG_CXX_LANGUAGE_STANDARD = "gnu++0x";
				CLANG_CXX_LIBRARY = "libc++";
				CLANG_ENABLE_MODULES = YES;
				CLANG_ENABLE_OBJC_ARC = YES;
				CLANG_WARN_BOOL_CONVERSION = YES;
				CLANG_WARN_CONSTANT_CONVERSION = YES;
				CLANG_WARN_DIRECT_OBJC_ISA_USAGE = YES_ERROR;
				CLANG_WARN_DOCUMENTATION_COMMENTS = YES;
				CLANG_WARN_EMPTY_BODY = YES;
				CLANG_WARN_ENUM_CONVERSION = YES;
				CLANG_WARN_INFINITE_RECURSION = YES;
				CLANG_WARN_INT_CONVERSION = YES;
				CLANG_WARN_OBJC_ROOT_CLASS = YES_ERROR;
				CLANG_WARN_SUSPICIOUS_MOVE = YES;
				CLANG_WARN_UNREACHABLE_CODE = YES;
				CLANG_WARN__DUPLICATE_METHOD_MATCH = YES;
				"CODE_SIGN_IDENTITY[sdk=iphoneos*]" = "iPhone Developer";
				COPY_PHASE_STRIP = NO;
				DEBUG_INFORMATION_FORMAT = dwarf;
				ENABLE_STRICT_OBJC_MSGSEND = YES;
				ENABLE_TESTABILITY = YES;
				GCC_C_LANGUAGE_STANDARD = gnu99;
				GCC_DYNAMIC_NO_PIC = NO;
				GCC_NO_COMMON_BLOCKS = YES;
				GCC_OPTIMIZATION_LEVEL = 0;
				GCC_PREPROCESSOR_DEFINITIONS = (
					"DEBUG=1",
					"$(inherited)",
				);
				GCC_WARN_64_TO_32_BIT_CONVERSION = YES;
				GCC_WARN_ABOUT_RETURN_TYPE = YES_ERROR;
				GCC_WARN_UNDECLARED_SELECTOR = YES;
				GCC_WARN_UNINITIALIZED_AUTOS = YES_AGGRESSIVE;
				GCC_WARN_UNUSED_FUNCTION = YES;
				GCC_WARN_UNUSED_VARIABLE = YES;
				IPHONEOS_DEPLOYMENT_TARGET = 10.3;
				MTL_ENABLE_DEBUG_INFO = YES;
				ONLY_ACTIVE_ARCH = YES;
				SDKROOT = iphoneos;
				TARGETED_DEVICE_FAMILY = "1,2";
			};
			name = Debug;
		};
		289DE4381F56337800778954 /* Release */ = {
			isa = XCBuildConfiguration;
			buildSettings = {
				ALWAYS_SEARCH_USER_PATHS = NO;
				CLANG_ANALYZER_NONNULL = YES;
				CLANG_ANALYZER_NUMBER_OBJECT_CONVERSION = YES_AGGRESSIVE;
				CLANG_CXX_LANGUAGE_STANDARD = "gnu++0x";
				CLANG_CXX_LIBRARY = "libc++";
				CLANG_ENABLE_MODULES = YES;
				CLANG_ENABLE_OBJC_ARC = YES;
				CLANG_WARN_BOOL_CONVERSION = YES;
				CLANG_WARN_CONSTANT_CONVERSION = YES;
				CLANG_WARN_DIRECT_OBJC_ISA_USAGE = YES_ERROR;
				CLANG_WARN_DOCUMENTATION_COMMENTS = YES;
				CLANG_WARN_EMPTY_BODY = YES;
				CLANG_WARN_ENUM_CONVERSION = YES;
				CLANG_WARN_INFINITE_RECURSION = YES;
				CLANG_WARN_INT_CONVERSION = YES;
				CLANG_WARN_OBJC_ROOT_CLASS = YES_ERROR;
				CLANG_WARN_SUSPICIOUS_MOVE = YES;
				CLANG_WARN_UNREACHABLE_CODE = YES;
				CLANG_WARN__DUPLICATE_METHOD_MATCH = YES;
				"CODE_SIGN_IDENTITY[sdk=iphoneos*]" = "iPhone Developer";
				COPY_PHASE_STRIP = NO;
				DEBUG_INFORMATION_FORMAT = "dwarf-with-dsym";
				ENABLE_NS_ASSERTIONS = NO;
				ENABLE_STRICT_OBJC_MSGSEND = YES;
				GCC_C_LANGUAGE_STANDARD = gnu99;
				GCC_NO_COMMON_BLOCKS = YES;
				GCC_WARN_64_TO_32_BIT_CONVERSION = YES;
				GCC_WARN_ABOUT_RETURN_TYPE = YES_ERROR;
				GCC_WARN_UNDECLARED_SELECTOR = YES;
				GCC_WARN_UNINITIALIZED_AUTOS = YES_AGGRESSIVE;
				GCC_WARN_UNUSED_FUNCTION = YES;
				GCC_WARN_UNUSED_VARIABLE = YES;
				IPHONEOS_DEPLOYMENT_TARGET = 10.3;
				MTL_ENABLE_DEBUG_INFO = NO;
				SDKROOT = iphoneos;
				TARGETED_DEVICE_FAMILY = "1,2";
				VALIDATE_PRODUCT = YES;
			};
			name = Release;
		};
		289DE43A1F56337800778954 /* Debug */ = {
			isa = XCBuildConfiguration;
			buildSettings = {
				ASSETCATALOG_COMPILER_APPICON_NAME = AppIcon;
				DEVELOPMENT_TEAM = 3E2UWZ76C2;
				INFOPLIST_FILE = blecontrol/Info.plist;
				LD_RUNPATH_SEARCH_PATHS = "$(inherited) @executable_path/Frameworks";
				PRODUCT_BUNDLE_IDENTIFIER = com.ansonliu.blecontrol;
				PRODUCT_NAME = "$(TARGET_NAME)";
			};
			name = Debug;
		};
		289DE43B1F56337800778954 /* Release */ = {
			isa = XCBuildConfiguration;
			buildSettings = {
				ASSETCATALOG_COMPILER_APPICON_NAME = AppIcon;
				DEVELOPMENT_TEAM = 3E2UWZ76C2;
				INFOPLIST_FILE = blecontrol/Info.plist;
				LD_RUNPATH_SEARCH_PATHS = "$(inherited) @executable_path/Frameworks";
				PRODUCT_BUNDLE_IDENTIFIER = com.ansonliu.blecontrol;
				PRODUCT_NAME = "$(TARGET_NAME)";
			};
			name = Release;
		};
/* End XCBuildConfiguration section */

/* Begin XCConfigurationList section */
		289DE41D1F56337800778954 /* Build configuration list for PBXProject "blecontrol" */ = {
			isa = XCConfigurationList;
			buildConfigurations = (
				289DE4371F56337800778954 /* Debug */,
				289DE4381F56337800778954 /* Release */,
			);
			defaultConfigurationIsVisible = 0;
			defaultConfigurationName = Release;
		};
		289DE4391F56337800778954 /* Build configuration list for PBXNativeTarget "blecontrol" */ = {
			isa = XCConfigurationList;
			buildConfigurations = (
				289DE43A1F56337800778954 /* Debug */,
				289DE43B1F56337800778954 /* Release */,
			);
			defaultConfigurationIsVisible = 0;
			defaultConfigurationName = Release;
		};
/* End XCConfigurationList section */
	};
	rootObject = 289DE41A1F56337800778954 /* Project object */;
}
